
Microsoft Visual Studio Solution File, Format Version 12.00
# Visual Studio Version 17
VisualStudioVersion = 17.9.34616.47
MinimumVisualStudioVersion = 10.0.40219.1
Project("{FAE04EC0-301F-11D3-BF4B-00C04F79EFBC}") = "ProyectoInicio", "ProyectoInicio\ProyectoInicio.csproj", "{C316F908-718F-4F3F-889F-B9D6BBE0F2BD}"
EndProject
Global
	GlobalSection(SolutionConfigurationPlatforms) = preSolution
		Debug|Any CPU = Debug|Any CPU
		Release|Any CPU = Release|Any CPU
	EndGlobalSection
	GlobalSection(ProjectConfigurationPlatforms) = postSolution
		{C316F908-718F-4F3F-889F-B9D6BBE0F2BD}.Debug|Any CPU.ActiveCfg = Debug|Any CPU
		{C316F908-718F-4F3F-889F-B9D6BBE0F2BD}.Debug|Any CPU.Build.0 = Debug|Any CPU
		{C316F908-718F-4F3F-889F-B9D6BBE0F2BD}.Release|Any CPU.ActiveCfg = Release|Any CPU
		{C316F908-718F-4F3F-889F-B9D6BBE0F2BD}.Release|Any CPU.Build.0 = Release|Any CPU
	EndGlobalSection
	GlobalSection(SolutionProperties) = preSolution
		HideSolutionNode = FALSE
	EndGlobalSection
	GlobalSection(ExtensibilityGlobals) = postSolution
		SolutionGuid = {293333F6-AE8E-419D-A1DA-A344DBD08009}
	EndGlobalSection
EndGlobal
